
Microsoft Visual Studio Solution File, Format Version 12.00
# Visual Studio 2012
Project("{FAE04EC0-301F-11D3-BF4B-00C04F79EFBC}") = "HelloWorld", "HelloWorld\HelloWorld.csproj", "{28D26C24-398B-4B3C-972A-C86E9B65B33D}"
EndProject
Project("{FAE04EC0-301F-11D3-BF4B-00C04F79EFBC}") = "HelloWorld.iOS", "iOS\HelloWorld.iOS.csproj", "{8BBE1FD5-F94D-419B-BB78-75859688A542}"
EndProject
Project("{FAE04EC0-301F-11D3-BF4B-00C04F79EFBC}") = "HelloWorld.Droid", "Droid\HelloWorld.Droid.csproj", "{8C3B6D04-AFCB-4789-A118-2E38E87C00FF}"
EndProject
Global
	GlobalSection(SolutionConfigurationPlatforms) = preSolution
		Debug|Any CPU = Debug|Any CPU
		Release|Any CPU = Release|Any CPU
		Debug|iPhoneSimulator = Debug|iPhoneSimulator
		Release|iPhone = Release|iPhone
		Release|iPhoneSimulator = Release|iPhoneSimulator
		Debug|iPhone = Debug|iPhone
	EndGlobalSection
	GlobalSection(ProjectConfigurationPlatforms) = postSolution
		{28D26C24-398B-4B3C-972A-C86E9B65B33D}.Debug|Any CPU.ActiveCfg = Debug|Any CPU
		{28D26C24-398B-4B3C-972A-C86E9B65B33D}.Debug|Any CPU.Build.0 = Debug|Any CPU
		{28D26C24-398B-4B3C-972A-C86E9B65B33D}.Debug|iPhone.ActiveCfg = Debug|Any CPU
		{28D26C24-398B-4B3C-972A-C86E9B65B33D}.Debug|iPhone.Build.0 = Debug|Any CPU
		{28D26C24-398B-4B3C-972A-C86E9B65B33D}.Debug|iPhoneSimulator.ActiveCfg = Debug|Any CPU
		{28D26C24-398B-4B3C-972A-C86E9B65B33D}.Debug|iPhoneSimulator.Build.0 = Debug|Any CPU
		{28D26C24-398B-4B3C-972A-C86E9B65B33D}.Release|Any CPU.ActiveCfg = Release|Any CPU
		{28D26C24-398B-4B3C-972A-C86E9B65B33D}.Release|Any CPU.Build.0 = Release|Any CPU
		{28D26C24-398B-4B3C-972A-C86E9B65B33D}.Release|iPhone.ActiveCfg = Release|Any CPU
		{28D26C24-398B-4B3C-972A-C86E9B65B33D}.Release|iPhone.Build.0 = Release|Any CPU
		{28D26C24-398B-4B3C-972A-C86E9B65B33D}.Release|iPhoneSimulator.ActiveCfg = Release|Any CPU
		{28D26C24-398B-4B3C-972A-C86E9B65B33D}.Release|iPhoneSimulator.Build.0 = Release|Any CPU
		{8BBE1FD5-F94D-419B-BB78-75859688A542}.Debug|Any CPU.ActiveCfg = Debug|iPhoneSimulator
		{8BBE1FD5-F94D-419B-BB78-75859688A542}.Debug|Any CPU.Build.0 = Debug|iPhoneSimulator
		{8BBE1FD5-F94D-419B-BB78-75859688A542}.Debug|iPhone.ActiveCfg = Debug|iPhone
		{8BBE1FD5-F94D-419B-BB78-75859688A542}.Debug|iPhone.Build.0 = Debug|iPhone
		{8BBE1FD5-F94D-419B-BB78-75859688A542}.Debug|iPhoneSimulator.ActiveCfg = Debug|iPhoneSimulator
		{8BBE1FD5-F94D-419B-BB78-75859688A542}.Debug|iPhoneSimulator.Build.0 = Debug|iPhoneSimulator
		{8BBE1FD5-F94D-419B-BB78-75859688A542}.Release|Any CPU.ActiveCfg = Release|iPhone
		{8BBE1FD5-F94D-419B-BB78-75859688A542}.Release|Any CPU.Build.0 = Release|iPhone
		{8BBE1FD5-F94D-419B-BB78-75859688A542}.Release|iPhone.ActiveCfg = Release|iPhone
		{8BBE1FD5-F94D-419B-BB78-75859688A542}.Release|iPhone.Build.0 = Release|iPhone
		{8BBE1FD5-F94D-419B-BB78-75859688A542}.Release|iPhoneSimulator.ActiveCfg = Release|iPhoneSimulator
		{8BBE1FD5-F94D-419B-BB78-75859688A542}.Release|iPhoneSimulator.Build.0 = Release|iPhoneSimulator
		{8C3B6D04-AFCB-4789-A118-2E38E87C00FF}.Debug|Any CPU.ActiveCfg = Debug|Any CPU
		{8C3B6D04-AFCB-4789-A118-2E38E87C00FF}.Debug|Any CPU.Build.0 = Debug|Any CPU
		{8C3B6D04-AFCB-4789-A118-2E38E87C00FF}.Debug|iPhone.ActiveCfg = Debug|Any CPU
		{8C3B6D04-AFCB-4789-A118-2E38E87C00FF}.Debug|iPhone.Build.0 = Debug|Any CPU
		{8C3B6D04-AFCB-4789-A118-2E38E87C00FF}.Debug|iPhoneSimulator.ActiveCfg = Debug|Any CPU
		{8C3B6D04-AFCB-4789-A118-2E38E87C00FF}.Debug|iPhoneSimulator.Build.0 = Debug|Any CPU
		{8C3B6D04-AFCB-4789-A118-2E38E87C00FF}.Release|Any CPU.ActiveCfg = Release|Any CPU
		{8C3B6D04-AFCB-4789-A118-2E38E87C00FF}.Release|Any CPU.Build.0 = Release|Any CPU
		{8C3B6D04-AFCB-4789-A118-2E38E87C00FF}.Release|iPhone.ActiveCfg = Release|Any CPU
		{8C3B6D04-AFCB-4789-A118-2E38E87C00FF}.Release|iPhone.Build.0 = Release|Any CPU
		{8C3B6D04-AFCB-4789-A118-2E38E87C00FF}.Release|iPhoneSimulator.ActiveCfg = Release|Any CPU
		{8C3B6D04-AFCB-4789-A118-2E38E87C00FF}.Release|iPhoneSimulator.Build.0 = Release|Any CPU
	EndGlobalSection
EndGlobal
